
Microsoft Visual Studio Solution File, Format Version 12.00
# Visual Studio Version 17
VisualStudioVersion = 17.14.36414.22 d17.14
MinimumVisualStudioVersion = 10.0.40219.1
Project("{FAE04EC0-301F-11D3-BF4B-00C04F79EFBC}") = "exercicio_2", "exercicio_2\exercicio_2.csproj", "{4C748E0A-C3FE-4618-BEFC-03D92ABC1ECD}"
EndProject
Global
	GlobalSection(SolutionConfigurationPlatforms) = preSolution
		Debug|Any CPU = Debug|Any CPU
		Release|Any CPU = Release|Any CPU
	EndGlobalSection
	GlobalSection(ProjectConfigurationPlatforms) = postSolution
		{4C748E0A-C3FE-4618-BEFC-03D92ABC1ECD}.Debug|Any CPU.ActiveCfg = Debug|Any CPU
		{4C748E0A-C3FE-4618-BEFC-03D92ABC1ECD}.Debug|Any CPU.Build.0 = Debug|Any CPU
		{4C748E0A-C3FE-4618-BEFC-03D92ABC1ECD}.Release|Any CPU.ActiveCfg = Release|Any CPU
		{4C748E0A-C3FE-4618-BEFC-03D92ABC1ECD}.Release|Any CPU.Build.0 = Release|Any CPU
	EndGlobalSection
	GlobalSection(SolutionProperties) = preSolution
		HideSolutionNode = FALSE
	EndGlobalSection
	GlobalSection(ExtensibilityGlobals) = postSolution
		SolutionGuid = {E24464D3-0856-4A1F-BF78-2A24B4084242}
	EndGlobalSection
EndGlobal
