
Microsoft Visual Studio Solution File, Format Version 12.00
# Visual Studio Version 17
VisualStudioVersion = 17.14.36414.22 d17.14
MinimumVisualStudioVersion = 10.0.40219.1
Project("{FAE04EC0-301F-11D3-BF4B-00C04F79EFBC}") = "exercicio_5", "exercicio_5\exercicio_5.csproj", "{C5C51B8F-91B6-46C4-9CD6-C05082B03FD1}"
EndProject
Global
	GlobalSection(SolutionConfigurationPlatforms) = preSolution
		Debug|Any CPU = Debug|Any CPU
		Release|Any CPU = Release|Any CPU
	EndGlobalSection
	GlobalSection(ProjectConfigurationPlatforms) = postSolution
		{C5C51B8F-91B6-46C4-9CD6-C05082B03FD1}.Debug|Any CPU.ActiveCfg = Debug|Any CPU
		{C5C51B8F-91B6-46C4-9CD6-C05082B03FD1}.Debug|Any CPU.Build.0 = Debug|Any CPU
		{C5C51B8F-91B6-46C4-9CD6-C05082B03FD1}.Release|Any CPU.ActiveCfg = Release|Any CPU
		{C5C51B8F-91B6-46C4-9CD6-C05082B03FD1}.Release|Any CPU.Build.0 = Release|Any CPU
	EndGlobalSection
	GlobalSection(SolutionProperties) = preSolution
		HideSolutionNode = FALSE
	EndGlobalSection
	GlobalSection(ExtensibilityGlobals) = postSolution
		SolutionGuid = {86374E8F-160C-4924-B1E3-6F2282230228}
	EndGlobalSection
EndGlobal
